
Microsoft Visual Studio Solution File, Format Version 12.00
# Visual Studio Version 16
VisualStudioVersion = 16.0.31112.23
MinimumVisualStudioVersion = 10.0.40219.1
Project("{9A19103F-16F7-4668-BE54-9A1E7A4F7556}") = "MTK-INV", "MTK-INV\MTK-INV.csproj", "{C9811934-1E75-4FB6-9C80-AEC0B4F1A967}"
EndProject
Global
	GlobalSection(SolutionConfigurationPlatforms) = preSolution
		Debug|Any CPU = Debug|Any CPU
		Release|Any CPU = Release|Any CPU
	EndGlobalSection
	GlobalSection(ProjectConfigurationPlatforms) = postSolution
		{C9811934-1E75-4FB6-9C80-AEC0B4F1A967}.Debug|Any CPU.ActiveCfg = Debug|Any CPU
		{C9811934-1E75-4FB6-9C80-AEC0B4F1A967}.Debug|Any CPU.Build.0 = Debug|Any CPU
		{C9811934-1E75-4FB6-9C80-AEC0B4F1A967}.Release|Any CPU.ActiveCfg = Release|Any CPU
		{C9811934-1E75-4FB6-9C80-AEC0B4F1A967}.Release|Any CPU.Build.0 = Release|Any CPU
	EndGlobalSection
	GlobalSection(SolutionProperties) = preSolution
		HideSolutionNode = FALSE
	EndGlobalSection
	GlobalSection(ExtensibilityGlobals) = postSolution
		SolutionGuid = {D5ADC47A-0712-4815-AA56-F5E82C97A2D0}
	EndGlobalSection
EndGlobal
